
Microsoft Visual Studio Solution File, Format Version 12.00
# Visual Studio 15
VisualStudioVersion = 15.0.27130.2003
MinimumVisualStudioVersion = 10.0.40219.1
Project("{FAE04EC0-301F-11D3-BF4B-00C04F79EFBC}") = "EventMasjid.Android", "EventMasjid\EventMasjid.Android\EventMasjid.Android.csproj", "{FF49370D-1908-4652-9A8A-86494CC5B9B0}"
EndProject
Project("{FAE04EC0-301F-11D3-BF4B-00C04F79EFBC}") = "EventMasjid.iOS", "EventMasjid\EventMasjid.iOS\EventMasjid.iOS.csproj", "{4F2E65A8-7C3C-43C9-B1A4-A976A9FA19EF}"
EndProject
Project("{FAE04EC0-301F-11D3-BF4B-00C04F79EFBC}") = "EventMasjid.UWP", "EventMasjid\EventMasjid.UWP\EventMasjid.UWP.csproj", "{6F5D0AB1-1815-4536-B83B-1167CD5CF2AA}"
EndProject
Project("{FAE04EC0-301F-11D3-BF4B-00C04F79EFBC}") = "EventMasjid", "EventMasjid\EventMasjid\EventMasjid.csproj", "{CB97EAE1-B442-4D92-8BD9-DE3B2A7312F3}"
EndProject
Global
	GlobalSection(SolutionConfigurationPlatforms) = preSolution
		Ad-Hoc|Any CPU = Ad-Hoc|Any CPU
		Ad-Hoc|ARM = Ad-Hoc|ARM
		Ad-Hoc|iPhone = Ad-Hoc|iPhone
		Ad-Hoc|iPhoneSimulator = Ad-Hoc|iPhoneSimulator
		Ad-Hoc|x64 = Ad-Hoc|x64
		Ad-Hoc|x86 = Ad-Hoc|x86
		AppStore|Any CPU = AppStore|Any CPU
		AppStore|ARM = AppStore|ARM
		AppStore|iPhone = AppStore|iPhone
		AppStore|iPhoneSimulator = AppStore|iPhoneSimulator
		AppStore|x64 = AppStore|x64
		AppStore|x86 = AppStore|x86
		Debug|Any CPU = Debug|Any CPU
		Debug|ARM = Debug|ARM
		Debug|iPhone = Debug|iPhone
		Debug|iPhoneSimulator = Debug|iPhoneSimulator
		Debug|x64 = Debug|x64
		Debug|x86 = Debug|x86
		Release|Any CPU = Release|Any CPU
		Release|ARM = Release|ARM
		Release|iPhone = Release|iPhone
		Release|iPhoneSimulator = Release|iPhoneSimulator
		Release|x64 = Release|x64
		Release|x86 = Release|x86
	EndGlobalSection
	GlobalSection(ProjectConfigurationPlatforms) = postSolution
		{FF49370D-1908-4652-9A8A-86494CC5B9B0}.Ad-Hoc|Any CPU.ActiveCfg = Release|Any CPU
		{FF49370D-1908-4652-9A8A-86494CC5B9B0}.Ad-Hoc|Any CPU.Build.0 = Release|Any CPU
		{FF49370D-1908-4652-9A8A-86494CC5B9B0}.Ad-Hoc|Any CPU.Deploy.0 = Release|Any CPU
		{FF49370D-1908-4652-9A8A-86494CC5B9B0}.Ad-Hoc|ARM.ActiveCfg = Release|Any CPU
		{FF49370D-1908-4652-9A8A-86494CC5B9B0}.Ad-Hoc|ARM.Build.0 = Release|Any CPU
		{FF49370D-1908-4652-9A8A-86494CC5B9B0}.Ad-Hoc|ARM.Deploy.0 = Release|Any CPU
		{FF49370D-1908-4652-9A8A-86494CC5B9B0}.Ad-Hoc|iPhone.ActiveCfg = Release|Any CPU
		{FF49370D-1908-4652-9A8A-86494CC5B9B0}.Ad-Hoc|iPhone.Build.0 = Release|Any CPU
		{FF49370D-1908-4652-9A8A-86494CC5B9B0}.Ad-Hoc|iPhone.Deploy.0 = Release|Any CPU
		{FF49370D-1908-4652-9A8A-86494CC5B9B0}.Ad-Hoc|iPhoneSimulator.ActiveCfg = Release|Any CPU
		{FF49370D-1908-4652-9A8A-86494CC5B9B0}.Ad-Hoc|iPhoneSimulator.Build.0 = Release|Any CPU
		{FF49370D-1908-4652-9A8A-86494CC5B9B0}.Ad-Hoc|iPhoneSimulator.Deploy.0 = Release|Any CPU
		{FF49370D-1908-4652-9A8A-86494CC5B9B0}.Ad-Hoc|x64.ActiveCfg = Release|Any CPU
		{FF49370D-1908-4652-9A8A-86494CC5B9B0}.Ad-Hoc|x64.Build.0 = Release|Any CPU
		{FF49370D-1908-4652-9A8A-86494CC5B9B0}.Ad-Hoc|x64.Deploy.0 = Release|Any CPU
		{FF49370D-1908-4652-9A8A-86494CC5B9B0}.Ad-Hoc|x86.ActiveCfg = Release|Any CPU
		{FF49370D-1908-4652-9A8A-86494CC5B9B0}.Ad-Hoc|x86.Build.0 = Release|Any CPU
		{FF49370D-1908-4652-9A8A-86494CC5B9B0}.Ad-Hoc|x86.Deploy.0 = Release|Any CPU
		{FF49370D-1908-4652-9A8A-86494CC5B9B0}.AppStore|Any CPU.ActiveCfg = Release|Any CPU
		{FF49370D-1908-4652-9A8A-86494CC5B9B0}.AppStore|Any CPU.Build.0 = Release|Any CPU
		{FF49370D-1908-4652-9A8A-86494CC5B9B0}.AppStore|Any CPU.Deploy.0 = Release|Any CPU
		{FF49370D-1908-4652-9A8A-86494CC5B9B0}.AppStore|ARM.ActiveCfg = Release|Any CPU
		{FF49370D-1908-4652-9A8A-86494CC5B9B0}.AppStore|ARM.Build.0 = Release|Any CPU
		{FF49370D-1908-4652-9A8A-86494CC5B9B0}.AppStore|ARM.Deploy.0 = Release|Any CPU
		{FF49370D-1908-4652-9A8A-86494CC5B9B0}.AppStore|iPhone.ActiveCfg = Release|Any CPU
		{FF49370D-1908-4652-9A8A-86494CC5B9B0}.AppStore|iPhone.Build.0 = Release|Any CPU
		{FF49370D-1908-4652-9A8A-86494CC5B9B0}.AppStore|iPhone.Deploy.0 = Release|Any CPU
		{FF49370D-1908-4652-9A8A-86494CC5B9B0}.AppStore|iPhoneSimulator.ActiveCfg = Release|Any CPU
		{FF49370D-1908-4652-9A8A-86494CC5B9B0}.AppStore|iPhoneSimulator.Build.0 = Release|Any CPU
		{FF49370D-1908-4652-9A8A-86494CC5B9B0}.AppStore|iPhoneSimulator.Deploy.0 = Release|Any CPU
		{FF49370D-1908-4652-9A8A-86494CC5B9B0}.AppStore|x64.ActiveCfg = Release|Any CPU
		{FF49370D-1908-4652-9A8A-86494CC5B9B0}.AppStore|x64.Build.0 = Release|Any CPU
		{FF49370D-1908-4652-9A8A-86494CC5B9B0}.AppStore|x64.Deploy.0 = Release|Any CPU
		{FF49370D-1908-4652-9A8A-86494CC5B9B0}.AppStore|x86.ActiveCfg = Release|Any CPU
		{FF49370D-1908-4652-9A8A-86494CC5B9B0}.AppStore|x86.Build.0 = Release|Any CPU
		{FF49370D-1908-4652-9A8A-86494CC5B9B0}.AppStore|x86.Deploy.0 = Release|Any CPU
		{FF49370D-1908-4652-9A8A-86494CC5B9B0}.Debug|Any CPU.ActiveCfg = Debug|Any CPU
		{FF49370D-1908-4652-9A8A-86494CC5B9B0}.Debug|Any CPU.Build.0 = Debug|Any CPU
		{FF49370D-1908-4652-9A8A-86494CC5B9B0}.Debug|Any CPU.Deploy.0 = Debug|Any CPU
		{FF49370D-1908-4652-9A8A-86494CC5B9B0}.Debug|ARM.ActiveCfg = Debug|Any CPU
		{FF49370D-1908-4652-9A8A-86494CC5B9B0}.Debug|ARM.Build.0 = Debug|Any CPU
		{FF49370D-1908-4652-9A8A-86494CC5B9B0}.Debug|ARM.Deploy.0 = Debug|Any CPU
		{FF49370D-1908-4652-9A8A-86494CC5B9B0}.Debug|iPhone.ActiveCfg = Debug|Any CPU
		{FF49370D-1908-4652-9A8A-86494CC5B9B0}.Debug|iPhone.Build.0 = Debug|Any CPU
		{FF49370D-1908-4652-9A8A-86494CC5B9B0}.Debug|iPhone.Deploy.0 = Debug|Any CPU
		{FF49370D-1908-4652-9A8A-86494CC5B9B0}.Debug|iPhoneSimulator.ActiveCfg = Debug|Any CPU
		{FF49370D-1908-4652-9A8A-86494CC5B9B0}.Debug|iPhoneSimulator.Build.0 = Debug|Any CPU
		{FF49370D-1908-4652-9A8A-86494CC5B9B0}.Debug|iPhoneSimulator.Deploy.0 = Debug|Any CPU
		{FF49370D-1908-4652-9A8A-86494CC5B9B0}.Debug|x64.ActiveCfg = Debug|Any CPU
		{FF49370D-1908-4652-9A8A-86494CC5B9B0}.Debug|x64.Build.0 = Debug|Any CPU
		{FF49370D-1908-4652-9A8A-86494CC5B9B0}.Debug|x64.Deploy.0 = Debug|Any CPU
		{FF49370D-1908-4652-9A8A-86494CC5B9B0}.Debug|x86.ActiveCfg = Debug|Any CPU
		{FF49370D-1908-4652-9A8A-86494CC5B9B0}.Debug|x86.Build.0 = Debug|Any CPU
		{FF49370D-1908-4652-9A8A-86494CC5B9B0}.Debug|x86.Deploy.0 = Debug|Any CPU
		{FF49370D-1908-4652-9A8A-86494CC5B9B0}.Release|Any CPU.ActiveCfg = Release|Any CPU
		{FF49370D-1908-4652-9A8A-86494CC5B9B0}.Release|Any CPU.Build.0 = Release|Any CPU
		{FF49370D-1908-4652-9A8A-86494CC5B9B0}.Release|Any CPU.Deploy.0 = Release|Any CPU
		{FF49370D-1908-4652-9A8A-86494CC5B9B0}.Release|ARM.ActiveCfg = Release|Any CPU
		{FF49370D-1908-4652-9A8A-86494CC5B9B0}.Release|ARM.Build.0 = Release|Any CPU
		{FF49370D-1908-4652-9A8A-86494CC5B9B0}.Release|ARM.Deploy.0 = Release|Any CPU
		{FF49370D-1908-4652-9A8A-86494CC5B9B0}.Release|iPhone.ActiveCfg = Release|Any CPU
		{FF49370D-1908-4652-9A8A-86494CC5B9B0}.Release|iPhone.Build.0 = Release|Any CPU
		{FF49370D-1908-4652-9A8A-86494CC5B9B0}.Release|iPhone.Deploy.0 = Release|Any CPU
		{FF49370D-1908-4652-9A8A-86494CC5B9B0}.Release|iPhoneSimulator.ActiveCfg = Release|Any CPU
		{FF49370D-1908-4652-9A8A-86494CC5B9B0}.Release|iPhoneSimulator.Build.0 = Release|Any CPU
		{FF49370D-1908-4652-9A8A-86494CC5B9B0}.Release|iPhoneSimulator.Deploy.0 = Release|Any CPU
		{FF49370D-1908-4652-9A8A-86494CC5B9B0}.Release|x64.ActiveCfg = Release|Any CPU
		{FF49370D-1908-4652-9A8A-86494CC5B9B0}.Release|x64.Build.0 = Release|Any CPU
		{FF49370D-1908-4652-9A8A-86494CC5B9B0}.Release|x64.Deploy.0 = Release|Any CPU
		{FF49370D-1908-4652-9A8A-86494CC5B9B0}.Release|x86.ActiveCfg = Release|Any CPU
		{FF49370D-1908-4652-9A8A-86494CC5B9B0}.Release|x86.Build.0 = Release|Any CPU
		{FF49370D-1908-4652-9A8A-86494CC5B9B0}.Release|x86.Deploy.0 = Release|Any CPU
		{4F2E65A8-7C3C-43C9-B1A4-A976A9FA19EF}.Ad-Hoc|Any CPU.ActiveCfg = Ad-Hoc|iPhone
		{4F2E65A8-7C3C-43C9-B1A4-A976A9FA19EF}.Ad-Hoc|ARM.ActiveCfg = Ad-Hoc|iPhone
		{4F2E65A8-7C3C-43C9-B1A4-A976A9FA19EF}.Ad-Hoc|iPhone.ActiveCfg = Ad-Hoc|iPhone
		{4F2E65A8-7C3C-43C9-B1A4-A976A9FA19EF}.Ad-Hoc|iPhone.Build.0 = Ad-Hoc|iPhone
		{4F2E65A8-7C3C-43C9-B1A4-A976A9FA19EF}.Ad-Hoc|iPhoneSimulator.ActiveCfg = Ad-Hoc|iPhoneSimulator
		{4F2E65A8-7C3C-43C9-B1A4-A976A9FA19EF}.Ad-Hoc|iPhoneSimulator.Build.0 = Ad-Hoc|iPhoneSimulator
		{4F2E65A8-7C3C-43C9-B1A4-A976A9FA19EF}.Ad-Hoc|x64.ActiveCfg = Ad-Hoc|iPhone
		{4F2E65A8-7C3C-43C9-B1A4-A976A9FA19EF}.Ad-Hoc|x86.ActiveCfg = Ad-Hoc|iPhone
		{4F2E65A8-7C3C-43C9-B1A4-A976A9FA19EF}.AppStore|Any CPU.ActiveCfg = AppStore|iPhone
		{4F2E65A8-7C3C-43C9-B1A4-A976A9FA19EF}.AppStore|ARM.ActiveCfg = AppStore|iPhone
		{4F2E65A8-7C3C-43C9-B1A4-A976A9FA19EF}.AppStore|iPhone.ActiveCfg = AppStore|iPhone
		{4F2E65A8-7C3C-43C9-B1A4-A976A9FA19EF}.AppStore|iPhone.Build.0 = AppStore|iPhone
		{4F2E65A8-7C3C-43C9-B1A4-A976A9FA19EF}.AppStore|iPhoneSimulator.ActiveCfg = AppStore|iPhoneSimulator
		{4F2E65A8-7C3C-43C9-B1A4-A976A9FA19EF}.AppStore|iPhoneSimulator.Build.0 = AppStore|iPhoneSimulator
		{4F2E65A8-7C3C-43C9-B1A4-A976A9FA19EF}.AppStore|x64.ActiveCfg = AppStore|iPhone
		{4F2E65A8-7C3C-43C9-B1A4-A976A9FA19EF}.AppStore|x86.ActiveCfg = AppStore|iPhone
		{4F2E65A8-7C3C-43C9-B1A4-A976A9FA19EF}.Debug|Any CPU.ActiveCfg = Debug|iPhone
		{4F2E65A8-7C3C-43C9-B1A4-A976A9FA19EF}.Debug|ARM.ActiveCfg = Debug|iPhone
		{4F2E65A8-7C3C-43C9-B1A4-A976A9FA19EF}.Debug|iPhone.ActiveCfg = Debug|iPhone
		{4F2E65A8-7C3C-43C9-B1A4-A976A9FA19EF}.Debug|iPhone.Build.0 = Debug|iPhone
		{4F2E65A8-7C3C-43C9-B1A4-A976A9FA19EF}.Debug|iPhoneSimulator.ActiveCfg = Debug|iPhoneSimulator
		{4F2E65A8-7C3C-43C9-B1A4-A976A9FA19EF}.Debug|iPhoneSimulator.Build.0 = Debug|iPhoneSimulator
		{4F2E65A8-7C3C-43C9-B1A4-A976A9FA19EF}.Debug|x64.ActiveCfg = Debug|iPhone
		{4F2E65A8-7C3C-43C9-B1A4-A976A9FA19EF}.Debug|x86.ActiveCfg = Debug|iPhone
		{4F2E65A8-7C3C-43C9-B1A4-A976A9FA19EF}.Release|Any CPU.ActiveCfg = Release|iPhone
		{4F2E65A8-7C3C-43C9-B1A4-A976A9FA19EF}.Release|ARM.ActiveCfg = Release|iPhone
		{4F2E65A8-7C3C-43C9-B1A4-A976A9FA19EF}.Release|iPhone.ActiveCfg = Release|iPhone
		{4F2E65A8-7C3C-43C9-B1A4-A976A9FA19EF}.Release|iPhone.Build.0 = Release|iPhone
		{4F2E65A8-7C3C-43C9-B1A4-A976A9FA19EF}.Release|iPhoneSimulator.ActiveCfg = Release|iPhoneSimulator
		{4F2E65A8-7C3C-43C9-B1A4-A976A9FA19EF}.Release|iPhoneSimulator.Build.0 = Release|iPhoneSimulator
		{4F2E65A8-7C3C-43C9-B1A4-A976A9FA19EF}.Release|x64.ActiveCfg = Release|iPhone
		{4F2E65A8-7C3C-43C9-B1A4-A976A9FA19EF}.Release|x86.ActiveCfg = Release|iPhone
		{6F5D0AB1-1815-4536-B83B-1167CD5CF2AA}.Ad-Hoc|Any CPU.ActiveCfg = Release|x86
		{6F5D0AB1-1815-4536-B83B-1167CD5CF2AA}.Ad-Hoc|Any CPU.Build.0 = Release|x86
		{6F5D0AB1-1815-4536-B83B-1167CD5CF2AA}.Ad-Hoc|Any CPU.Deploy.0 = Release|x86
		{6F5D0AB1-1815-4536-B83B-1167CD5CF2AA}.Ad-Hoc|ARM.ActiveCfg = Release|ARM
		{6F5D0AB1-1815-4536-B83B-1167CD5CF2AA}.Ad-Hoc|ARM.Build.0 = Release|ARM
		{6F5D0AB1-1815-4536-B83B-1167CD5CF2AA}.Ad-Hoc|ARM.Deploy.0 = Release|ARM
		{6F5D0AB1-1815-4536-B83B-1167CD5CF2AA}.Ad-Hoc|iPhone.ActiveCfg = Release|x86
		{6F5D0AB1-1815-4536-B83B-1167CD5CF2AA}.Ad-Hoc|iPhone.Build.0 = Release|x86
		{6F5D0AB1-1815-4536-B83B-1167CD5CF2AA}.Ad-Hoc|iPhone.Deploy.0 = Release|x86
		{6F5D0AB1-1815-4536-B83B-1167CD5CF2AA}.Ad-Hoc|iPhoneSimulator.ActiveCfg = Release|x86
		{6F5D0AB1-1815-4536-B83B-1167CD5CF2AA}.Ad-Hoc|iPhoneSimulator.Build.0 = Release|x86
		{6F5D0AB1-1815-4536-B83B-1167CD5CF2AA}.Ad-Hoc|iPhoneSimulator.Deploy.0 = Release|x86
		{6F5D0AB1-1815-4536-B83B-1167CD5CF2AA}.Ad-Hoc|x64.ActiveCfg = Release|x64
		{6F5D0AB1-1815-4536-B83B-1167CD5CF2AA}.Ad-Hoc|x64.Build.0 = Release|x64
		{6F5D0AB1-1815-4536-B83B-1167CD5CF2AA}.Ad-Hoc|x64.Deploy.0 = Release|x64
		{6F5D0AB1-1815-4536-B83B-1167CD5CF2AA}.Ad-Hoc|x86.ActiveCfg = Release|x86
		{6F5D0AB1-1815-4536-B83B-1167CD5CF2AA}.Ad-Hoc|x86.Build.0 = Release|x86
		{6F5D0AB1-1815-4536-B83B-1167CD5CF2AA}.Ad-Hoc|x86.Deploy.0 = Release|x86
		{6F5D0AB1-1815-4536-B83B-1167CD5CF2AA}.AppStore|Any CPU.ActiveCfg = Release|x86
		{6F5D0AB1-1815-4536-B83B-1167CD5CF2AA}.AppStore|Any CPU.Build.0 = Release|x86
		{6F5D0AB1-1815-4536-B83B-1167CD5CF2AA}.AppStore|Any CPU.Deploy.0 = Release|x86
		{6F5D0AB1-1815-4536-B83B-1167CD5CF2AA}.AppStore|ARM.ActiveCfg = Release|ARM
		{6F5D0AB1-1815-4536-B83B-1167CD5CF2AA}.AppStore|ARM.Build.0 = Release|ARM
		{6F5D0AB1-1815-4536-B83B-1167CD5CF2AA}.AppStore|ARM.Deploy.0 = Release|ARM
		{6F5D0AB1-1815-4536-B83B-1167CD5CF2AA}.AppStore|iPhone.ActiveCfg = Release|x86
		{6F5D0AB1-1815-4536-B83B-1167CD5CF2AA}.AppStore|iPhone.Build.0 = Release|x86
		{6F5D0AB1-1815-4536-B83B-1167CD5CF2AA}.AppStore|iPhone.Deploy.0 = Release|x86
		{6F5D0AB1-1815-4536-B83B-1167CD5CF2AA}.AppStore|iPhoneSimulator.ActiveCfg = Release|x86
		{6F5D0AB1-1815-4536-B83B-1167CD5CF2AA}.AppStore|iPhoneSimulator.Build.0 = Release|x86
		{6F5D0AB1-1815-4536-B83B-1167CD5CF2AA}.AppStore|iPhoneSimulator.Deploy.0 = Release|x86
		{6F5D0AB1-1815-4536-B83B-1167CD5CF2AA}.AppStore|x64.ActiveCfg = Release|x64
		{6F5D0AB1-1815-4536-B83B-1167CD5CF2AA}.AppStore|x64.Build.0 = Release|x64
		{6F5D0AB1-1815-4536-B83B-1167CD5CF2AA}.AppStore|x64.Deploy.0 = Release|x64
		{6F5D0AB1-1815-4536-B83B-1167CD5CF2AA}.AppStore|x86.ActiveCfg = Release|x86
		{6F5D0AB1-1815-4536-B83B-1167CD5CF2AA}.AppStore|x86.Build.0 = Release|x86
		{6F5D0AB1-1815-4536-B83B-1167CD5CF2AA}.AppStore|x86.Deploy.0 = Release|x86
		{6F5D0AB1-1815-4536-B83B-1167CD5CF2AA}.Debug|Any CPU.ActiveCfg = Debug|x86
		{6F5D0AB1-1815-4536-B83B-1167CD5CF2AA}.Debug|ARM.ActiveCfg = Debug|ARM
		{6F5D0AB1-1815-4536-B83B-1167CD5CF2AA}.Debug|ARM.Build.0 = Debug|ARM
		{6F5D0AB1-1815-4536-B83B-1167CD5CF2AA}.Debug|ARM.Deploy.0 = Debug|ARM
		{6F5D0AB1-1815-4536-B83B-1167CD5CF2AA}.Debug|iPhone.ActiveCfg = Debug|x86
		{6F5D0AB1-1815-4536-B83B-1167CD5CF2AA}.Debug|iPhoneSimulator.ActiveCfg = Debug|x86
		{6F5D0AB1-1815-4536-B83B-1167CD5CF2AA}.Debug|x64.ActiveCfg = Debug|x64
		{6F5D0AB1-1815-4536-B83B-1167CD5CF2AA}.Debug|x64.Build.0 = Debug|x64
		{6F5D0AB1-1815-4536-B83B-1167CD5CF2AA}.Debug|x64.Deploy.0 = Debug|x64
		{6F5D0AB1-1815-4536-B83B-1167CD5CF2AA}.Debug|x86.ActiveCfg = Debug|x86
		{6F5D0AB1-1815-4536-B83B-1167CD5CF2AA}.Debug|x86.Build.0 = Debug|x86
		{6F5D0AB1-1815-4536-B83B-1167CD5CF2AA}.Debug|x86.Deploy.0 = Debug|x86
		{6F5D0AB1-1815-4536-B83B-1167CD5CF2AA}.Release|Any CPU.ActiveCfg = Release|x86
		{6F5D0AB1-1815-4536-B83B-1167CD5CF2AA}.Release|ARM.ActiveCfg = Release|ARM
		{6F5D0AB1-1815-4536-B83B-1167CD5CF2AA}.Release|ARM.Build.0 = Release|ARM
		{6F5D0AB1-1815-4536-B83B-1167CD5CF2AA}.Release|ARM.Deploy.0 = Release|ARM
		{6F5D0AB1-1815-4536-B83B-1167CD5CF2AA}.Release|iPhone.ActiveCfg = Release|x86
		{6F5D0AB1-1815-4536-B83B-1167CD5CF2AA}.Release|iPhoneSimulator.ActiveCfg = Release|x86
		{6F5D0AB1-1815-4536-B83B-1167CD5CF2AA}.Release|x64.ActiveCfg = Release|x64
		{6F5D0AB1-1815-4536-B83B-1167CD5CF2AA}.Release|x64.Build.0 = Release|x64
		{6F5D0AB1-1815-4536-B83B-1167CD5CF2AA}.Release|x64.Deploy.0 = Release|x64
		{6F5D0AB1-1815-4536-B83B-1167CD5CF2AA}.Release|x86.ActiveCfg = Release|x86
		{6F5D0AB1-1815-4536-B83B-1167CD5CF2AA}.Release|x86.Build.0 = Release|x86
		{6F5D0AB1-1815-4536-B83B-1167CD5CF2AA}.Release|x86.Deploy.0 = Release|x86
		{CB97EAE1-B442-4D92-8BD9-DE3B2A7312F3}.Ad-Hoc|Any CPU.ActiveCfg = Debug|Any CPU
		{CB97EAE1-B442-4D92-8BD9-DE3B2A7312F3}.Ad-Hoc|Any CPU.Build.0 = Debug|Any CPU
		{CB97EAE1-B442-4D92-8BD9-DE3B2A7312F3}.Ad-Hoc|ARM.ActiveCfg = Debug|Any CPU
		{CB97EAE1-B442-4D92-8BD9-DE3B2A7312F3}.Ad-Hoc|ARM.Build.0 = Debug|Any CPU
		{CB97EAE1-B442-4D92-8BD9-DE3B2A7312F3}.Ad-Hoc|iPhone.ActiveCfg = Debug|Any CPU
		{CB97EAE1-B442-4D92-8BD9-DE3B2A7312F3}.Ad-Hoc|iPhone.Build.0 = Debug|Any CPU
		{CB97EAE1-B442-4D92-8BD9-DE3B2A7312F3}.Ad-Hoc|iPhoneSimulator.ActiveCfg = Debug|Any CPU
		{CB97EAE1-B442-4D92-8BD9-DE3B2A7312F3}.Ad-Hoc|iPhoneSimulator.Build.0 = Debug|Any CPU
		{CB97EAE1-B442-4D92-8BD9-DE3B2A7312F3}.Ad-Hoc|x64.ActiveCfg = Debug|Any CPU
		{CB97EAE1-B442-4D92-8BD9-DE3B2A7312F3}.Ad-Hoc|x64.Build.0 = Debug|Any CPU
		{CB97EAE1-B442-4D92-8BD9-DE3B2A7312F3}.Ad-Hoc|x86.ActiveCfg = Debug|Any CPU
		{CB97EAE1-B442-4D92-8BD9-DE3B2A7312F3}.Ad-Hoc|x86.Build.0 = Debug|Any CPU
		{CB97EAE1-B442-4D92-8BD9-DE3B2A7312F3}.AppStore|Any CPU.ActiveCfg = Debug|Any CPU
		{CB97EAE1-B442-4D92-8BD9-DE3B2A7312F3}.AppStore|Any CPU.Build.0 = Debug|Any CPU
		{CB97EAE1-B442-4D92-8BD9-DE3B2A7312F3}.AppStore|ARM.ActiveCfg = Debug|Any CPU
		{CB97EAE1-B442-4D92-8BD9-DE3B2A7312F3}.AppStore|ARM.Build.0 = Debug|Any CPU
		{CB97EAE1-B442-4D92-8BD9-DE3B2A7312F3}.AppStore|iPhone.ActiveCfg = Debug|Any CPU
		{CB97EAE1-B442-4D92-8BD9-DE3B2A7312F3}.AppStore|iPhone.Build.0 = Debug|Any CPU
		{CB97EAE1-B442-4D92-8BD9-DE3B2A7312F3}.AppStore|iPhoneSimulator.ActiveCfg = Debug|Any CPU
		{CB97EAE1-B442-4D92-8BD9-DE3B2A7312F3}.AppStore|iPhoneSimulator.Build.0 = Debug|Any CPU
		{CB97EAE1-B442-4D92-8BD9-DE3B2A7312F3}.AppStore|x64.ActiveCfg = Debug|Any CPU
		{CB97EAE1-B442-4D92-8BD9-DE3B2A7312F3}.AppStore|x64.Build.0 = Debug|Any CPU
		{CB97EAE1-B442-4D92-8BD9-DE3B2A7312F3}.AppStore|x86.ActiveCfg = Debug|Any CPU
		{CB97EAE1-B442-4D92-8BD9-DE3B2A7312F3}.AppStore|x86.Build.0 = Debug|Any CPU
		{CB97EAE1-B442-4D92-8BD9-DE3B2A7312F3}.Debug|Any CPU.ActiveCfg = Debug|Any CPU
		{CB97EAE1-B442-4D92-8BD9-DE3B2A7312F3}.Debug|Any CPU.Build.0 = Debug|Any CPU
		{CB97EAE1-B442-4D92-8BD9-DE3B2A7312F3}.Debug|ARM.ActiveCfg = Debug|Any CPU
		{CB97EAE1-B442-4D92-8BD9-DE3B2A7312F3}.Debug|ARM.Build.0 = Debug|Any CPU
		{CB97EAE1-B442-4D92-8BD9-DE3B2A7312F3}.Debug|iPhone.ActiveCfg = Debug|Any CPU
		{CB97EAE1-B442-4D92-8BD9-DE3B2A7312F3}.Debug|iPhone.Build.0 = Debug|Any CPU
		{CB97EAE1-B442-4D92-8BD9-DE3B2A7312F3}.Debug|iPhoneSimulator.ActiveCfg = Debug|Any CPU
		{CB97EAE1-B442-4D92-8BD9-DE3B2A7312F3}.Debug|iPhoneSimulator.Build.0 = Debug|Any CPU
		{CB97EAE1-B442-4D92-8BD9-DE3B2A7312F3}.Debug|x64.ActiveCfg = Debug|Any CPU
		{CB97EAE1-B442-4D92-8BD9-DE3B2A7312F3}.Debug|x64.Build.0 = Debug|Any CPU
		{CB97EAE1-B442-4D92-8BD9-DE3B2A7312F3}.Debug|x86.ActiveCfg = Debug|Any CPU
		{CB97EAE1-B442-4D92-8BD9-DE3B2A7312F3}.Debug|x86.Build.0 = Debug|Any CPU
		{CB97EAE1-B442-4D92-8BD9-DE3B2A7312F3}.Release|Any CPU.ActiveCfg = Release|Any CPU
		{CB97EAE1-B442-4D92-8BD9-DE3B2A7312F3}.Release|Any CPU.Build.0 = Release|Any CPU
		{CB97EAE1-B442-4D92-8BD9-DE3B2A7312F3}.Release|ARM.ActiveCfg = Release|Any CPU
		{CB97EAE1-B442-4D92-8BD9-DE3B2A7312F3}.Release|ARM.Build.0 = Release|Any CPU
		{CB97EAE1-B442-4D92-8BD9-DE3B2A7312F3}.Release|iPhone.ActiveCfg = Release|Any CPU
		{CB97EAE1-B442-4D92-8BD9-DE3B2A7312F3}.Release|iPhone.Build.0 = Release|Any CPU
		{CB97EAE1-B442-4D92-8BD9-DE3B2A7312F3}.Release|iPhoneSimulator.ActiveCfg = Release|Any CPU
		{CB97EAE1-B442-4D92-8BD9-DE3B2A7312F3}.Release|iPhoneSimulator.Build.0 = Release|Any CPU
		{CB97EAE1-B442-4D92-8BD9-DE3B2A7312F3}.Release|x64.ActiveCfg = Release|Any CPU
		{CB97EAE1-B442-4D92-8BD9-DE3B2A7312F3}.Release|x64.Build.0 = Release|Any CPU
		{CB97EAE1-B442-4D92-8BD9-DE3B2A7312F3}.Release|x86.ActiveCfg = Release|Any CPU
		{CB97EAE1-B442-4D92-8BD9-DE3B2A7312F3}.Release|x86.Build.0 = Release|Any CPU
	EndGlobalSection
	GlobalSection(SolutionProperties) = preSolution
		HideSolutionNode = FALSE
	EndGlobalSection
	GlobalSection(ExtensibilityGlobals) = postSolution
		SolutionGuid = {B2C1F65C-27BA-4D57-9493-E215D2D4BB91}
	EndGlobalSection
EndGlobal
